
Microsoft Visual Studio Solution File, Format Version 12.00
# Visual Studio Version 17
VisualStudioVersion = 17.7.34024.191
MinimumVisualStudioVersion = 10.0.40219.1
Project("{9A19103F-16F7-4668-BE54-9A1E7A4F7556}") = "22ISP4", "22ISP4\22ISP4.csproj", "{617D04A1-F2D2-440A-8229-303C982D8CA6}"
EndProject
Project("{9A19103F-16F7-4668-BE54-9A1E7A4F7556}") = "ConsoleSinglton", "ConsoleSinglton\ConsoleSinglton.csproj", "{F3EBF269-533A-4D2F-BFA7-3E2388C24885}"
EndProject
Project("{9A19103F-16F7-4668-BE54-9A1E7A4F7556}") = "WFSinglton", "WFSinglton\WFSinglton.csproj", "{2C47001D-9C4C-4731-A11C-08BF66BB6F9B}"
EndProject
Project("{9A19103F-16F7-4668-BE54-9A1E7A4F7556}") = "factoryMethodProject", "factoryMethodProject\factoryMethodProject.csproj", "{8C2A468E-165F-403D-A242-DE39A10B5002}"
EndProject
Project("{9A19103F-16F7-4668-BE54-9A1E7A4F7556}") = "AbstractFactory", "AbstractFactory\AbstractFactory.csproj", "{85691B83-290D-4765-BA40-D9A37D21E969}"
EndProject
Project("{9A19103F-16F7-4668-BE54-9A1E7A4F7556}") = "PrototypeProject", "PrototypeProject\PrototypeProject.csproj", "{4F482BEA-C5C5-48F1-8C77-EDD494E00942}"
EndProject
Project("{9A19103F-16F7-4668-BE54-9A1E7A4F7556}") = "PatternBuilder", "PatternBuilder\PatternBuilder.csproj", "{987A6288-76F4-4D76-A6E5-9555248863E5}"
EndProject
Project("{9A19103F-16F7-4668-BE54-9A1E7A4F7556}") = "AdapterProject", "AdapterProject\AdapterProject.csproj", "{0B3D1C31-7664-41BF-B936-889E59C39407}"
EndProject
Project("{9A19103F-16F7-4668-BE54-9A1E7A4F7556}") = "Decarator", "Decarator\Decarator.csproj", "{FF4AFFFC-0336-412C-8BE2-F30A6064BCE4}"
EndProject
Project("{9A19103F-16F7-4668-BE54-9A1E7A4F7556}") = "ProxyProject", "ProxyProject\ProxyProject.csproj", "{72551662-7350-421D-AB72-2CF1E2A64F2D}"
EndProject
Project("{FAE04EC0-301F-11D3-BF4B-00C04F79EFBC}") = "ProxyDot", "ProxyDot\ProxyDot.csproj", "{1983F697-CFFE-4E35-AB03-D98433D1017D}"
EndProject
Project("{9A19103F-16F7-4668-BE54-9A1E7A4F7556}") = "CompositeProject", "CompositeProject\CompositeProject.csproj", "{D329C556-0893-42E8-8FA5-21F37D3855CE}"
EndProject
Project("{9A19103F-16F7-4668-BE54-9A1E7A4F7556}") = "BridgeProject", "BridgeProject\BridgeProject.csproj", "{A6E42C7C-2EE0-4A37-92C6-D7BC166BA2E0}"
EndProject
Project("{9A19103F-16F7-4668-BE54-9A1E7A4F7556}") = "FlyWeightProject", "FlyWeightProject\FlyWeightProject.csproj", "{A0079050-C483-4B9C-BE21-F50642EA4352}"
EndProject
Project("{9A19103F-16F7-4668-BE54-9A1E7A4F7556}") = "FacadeProject", "FacadeProject\FacadeProject.csproj", "{26A11A06-3580-41FB-927B-F4F9CD1A4FC5}"
EndProject
Project("{9A19103F-16F7-4668-BE54-9A1E7A4F7556}") = "Strategy", "Strategy\Strategy.csproj", "{A8B38608-D955-48C2-9460-09852273F6E2}"
EndProject
Project("{9A19103F-16F7-4668-BE54-9A1E7A4F7556}") = "ObservableProject", "RepositoryProject\ObservableProject.csproj", "{84D40A79-C286-456A-9F9C-4208DB69BE1A}"
EndProject
Project("{9A19103F-16F7-4668-BE54-9A1E7A4F7556}") = "CommandProject", "CommandProject\CommandProject.csproj", "{18C71F46-2D6B-43BF-92CB-C8B734749E04}"
EndProject
Project("{FAE04EC0-301F-11D3-BF4B-00C04F79EFBC}") = "IteratorProject", "IteratorProject\IteratorProject.csproj", "{0EFFDF32-C69A-4E71-86BA-AF1AB7E44E63}"
EndProject
Global
	GlobalSection(SolutionConfigurationPlatforms) = preSolution
		Debug|Any CPU = Debug|Any CPU
		Release|Any CPU = Release|Any CPU
	EndGlobalSection
	GlobalSection(ProjectConfigurationPlatforms) = postSolution
		{617D04A1-F2D2-440A-8229-303C982D8CA6}.Debug|Any CPU.ActiveCfg = Debug|Any CPU
		{617D04A1-F2D2-440A-8229-303C982D8CA6}.Debug|Any CPU.Build.0 = Debug|Any CPU
		{617D04A1-F2D2-440A-8229-303C982D8CA6}.Release|Any CPU.ActiveCfg = Release|Any CPU
		{617D04A1-F2D2-440A-8229-303C982D8CA6}.Release|Any CPU.Build.0 = Release|Any CPU
		{F3EBF269-533A-4D2F-BFA7-3E2388C24885}.Debug|Any CPU.ActiveCfg = Debug|Any CPU
		{F3EBF269-533A-4D2F-BFA7-3E2388C24885}.Debug|Any CPU.Build.0 = Debug|Any CPU
		{F3EBF269-533A-4D2F-BFA7-3E2388C24885}.Release|Any CPU.ActiveCfg = Release|Any CPU
		{F3EBF269-533A-4D2F-BFA7-3E2388C24885}.Release|Any CPU.Build.0 = Release|Any CPU
		{2C47001D-9C4C-4731-A11C-08BF66BB6F9B}.Debug|Any CPU.ActiveCfg = Debug|Any CPU
		{2C47001D-9C4C-4731-A11C-08BF66BB6F9B}.Debug|Any CPU.Build.0 = Debug|Any CPU
		{2C47001D-9C4C-4731-A11C-08BF66BB6F9B}.Release|Any CPU.ActiveCfg = Release|Any CPU
		{2C47001D-9C4C-4731-A11C-08BF66BB6F9B}.Release|Any CPU.Build.0 = Release|Any CPU
		{8C2A468E-165F-403D-A242-DE39A10B5002}.Debug|Any CPU.ActiveCfg = Debug|Any CPU
		{8C2A468E-165F-403D-A242-DE39A10B5002}.Debug|Any CPU.Build.0 = Debug|Any CPU
		{8C2A468E-165F-403D-A242-DE39A10B5002}.Release|Any CPU.ActiveCfg = Release|Any CPU
		{8C2A468E-165F-403D-A242-DE39A10B5002}.Release|Any CPU.Build.0 = Release|Any CPU
		{85691B83-290D-4765-BA40-D9A37D21E969}.Debug|Any CPU.ActiveCfg = Debug|Any CPU
		{85691B83-290D-4765-BA40-D9A37D21E969}.Debug|Any CPU.Build.0 = Debug|Any CPU
		{85691B83-290D-4765-BA40-D9A37D21E969}.Release|Any CPU.ActiveCfg = Release|Any CPU
		{85691B83-290D-4765-BA40-D9A37D21E969}.Release|Any CPU.Build.0 = Release|Any CPU
		{4F482BEA-C5C5-48F1-8C77-EDD494E00942}.Debug|Any CPU.ActiveCfg = Debug|Any CPU
		{4F482BEA-C5C5-48F1-8C77-EDD494E00942}.Debug|Any CPU.Build.0 = Debug|Any CPU
		{4F482BEA-C5C5-48F1-8C77-EDD494E00942}.Release|Any CPU.ActiveCfg = Release|Any CPU
		{4F482BEA-C5C5-48F1-8C77-EDD494E00942}.Release|Any CPU.Build.0 = Release|Any CPU
		{987A6288-76F4-4D76-A6E5-9555248863E5}.Debug|Any CPU.ActiveCfg = Debug|Any CPU
		{987A6288-76F4-4D76-A6E5-9555248863E5}.Debug|Any CPU.Build.0 = Debug|Any CPU
		{987A6288-76F4-4D76-A6E5-9555248863E5}.Release|Any CPU.ActiveCfg = Release|Any CPU
		{987A6288-76F4-4D76-A6E5-9555248863E5}.Release|Any CPU.Build.0 = Release|Any CPU
		{0B3D1C31-7664-41BF-B936-889E59C39407}.Debug|Any CPU.ActiveCfg = Debug|Any CPU
		{0B3D1C31-7664-41BF-B936-889E59C39407}.Debug|Any CPU.Build.0 = Debug|Any CPU
		{0B3D1C31-7664-41BF-B936-889E59C39407}.Release|Any CPU.ActiveCfg = Release|Any CPU
		{0B3D1C31-7664-41BF-B936-889E59C39407}.Release|Any CPU.Build.0 = Release|Any CPU
		{FF4AFFFC-0336-412C-8BE2-F30A6064BCE4}.Debug|Any CPU.ActiveCfg = Debug|Any CPU
		{FF4AFFFC-0336-412C-8BE2-F30A6064BCE4}.Debug|Any CPU.Build.0 = Debug|Any CPU
		{FF4AFFFC-0336-412C-8BE2-F30A6064BCE4}.Release|Any CPU.ActiveCfg = Release|Any CPU
		{FF4AFFFC-0336-412C-8BE2-F30A6064BCE4}.Release|Any CPU.Build.0 = Release|Any CPU
		{72551662-7350-421D-AB72-2CF1E2A64F2D}.Debug|Any CPU.ActiveCfg = Debug|Any CPU
		{72551662-7350-421D-AB72-2CF1E2A64F2D}.Debug|Any CPU.Build.0 = Debug|Any CPU
		{72551662-7350-421D-AB72-2CF1E2A64F2D}.Release|Any CPU.ActiveCfg = Release|Any CPU
		{72551662-7350-421D-AB72-2CF1E2A64F2D}.Release|Any CPU.Build.0 = Release|Any CPU
		{1983F697-CFFE-4E35-AB03-D98433D1017D}.Debug|Any CPU.ActiveCfg = Debug|Any CPU
		{1983F697-CFFE-4E35-AB03-D98433D1017D}.Debug|Any CPU.Build.0 = Debug|Any CPU
		{1983F697-CFFE-4E35-AB03-D98433D1017D}.Release|Any CPU.ActiveCfg = Release|Any CPU
		{1983F697-CFFE-4E35-AB03-D98433D1017D}.Release|Any CPU.Build.0 = Release|Any CPU
		{D329C556-0893-42E8-8FA5-21F37D3855CE}.Debug|Any CPU.ActiveCfg = Debug|Any CPU
		{D329C556-0893-42E8-8FA5-21F37D3855CE}.Debug|Any CPU.Build.0 = Debug|Any CPU
		{D329C556-0893-42E8-8FA5-21F37D3855CE}.Release|Any CPU.ActiveCfg = Release|Any CPU
		{D329C556-0893-42E8-8FA5-21F37D3855CE}.Release|Any CPU.Build.0 = Release|Any CPU
		{A6E42C7C-2EE0-4A37-92C6-D7BC166BA2E0}.Debug|Any CPU.ActiveCfg = Debug|Any CPU
		{A6E42C7C-2EE0-4A37-92C6-D7BC166BA2E0}.Debug|Any CPU.Build.0 = Debug|Any CPU
		{A6E42C7C-2EE0-4A37-92C6-D7BC166BA2E0}.Release|Any CPU.ActiveCfg = Release|Any CPU
		{A6E42C7C-2EE0-4A37-92C6-D7BC166BA2E0}.Release|Any CPU.Build.0 = Release|Any CPU
		{A0079050-C483-4B9C-BE21-F50642EA4352}.Debug|Any CPU.ActiveCfg = Debug|Any CPU
		{A0079050-C483-4B9C-BE21-F50642EA4352}.Debug|Any CPU.Build.0 = Debug|Any CPU
		{A0079050-C483-4B9C-BE21-F50642EA4352}.Release|Any CPU.ActiveCfg = Release|Any CPU
		{A0079050-C483-4B9C-BE21-F50642EA4352}.Release|Any CPU.Build.0 = Release|Any CPU
		{26A11A06-3580-41FB-927B-F4F9CD1A4FC5}.Debug|Any CPU.ActiveCfg = Debug|Any CPU
		{26A11A06-3580-41FB-927B-F4F9CD1A4FC5}.Debug|Any CPU.Build.0 = Debug|Any CPU
		{26A11A06-3580-41FB-927B-F4F9CD1A4FC5}.Release|Any CPU.ActiveCfg = Release|Any CPU
		{26A11A06-3580-41FB-927B-F4F9CD1A4FC5}.Release|Any CPU.Build.0 = Release|Any CPU
		{A8B38608-D955-48C2-9460-09852273F6E2}.Debug|Any CPU.ActiveCfg = Debug|Any CPU
		{A8B38608-D955-48C2-9460-09852273F6E2}.Debug|Any CPU.Build.0 = Debug|Any CPU
		{A8B38608-D955-48C2-9460-09852273F6E2}.Release|Any CPU.ActiveCfg = Release|Any CPU
		{A8B38608-D955-48C2-9460-09852273F6E2}.Release|Any CPU.Build.0 = Release|Any CPU
		{84D40A79-C286-456A-9F9C-4208DB69BE1A}.Debug|Any CPU.ActiveCfg = Debug|Any CPU
		{84D40A79-C286-456A-9F9C-4208DB69BE1A}.Debug|Any CPU.Build.0 = Debug|Any CPU
		{84D40A79-C286-456A-9F9C-4208DB69BE1A}.Release|Any CPU.ActiveCfg = Release|Any CPU
		{84D40A79-C286-456A-9F9C-4208DB69BE1A}.Release|Any CPU.Build.0 = Release|Any CPU
		{18C71F46-2D6B-43BF-92CB-C8B734749E04}.Debug|Any CPU.ActiveCfg = Debug|Any CPU
		{18C71F46-2D6B-43BF-92CB-C8B734749E04}.Debug|Any CPU.Build.0 = Debug|Any CPU
		{18C71F46-2D6B-43BF-92CB-C8B734749E04}.Release|Any CPU.ActiveCfg = Release|Any CPU
		{18C71F46-2D6B-43BF-92CB-C8B734749E04}.Release|Any CPU.Build.0 = Release|Any CPU
		{0EFFDF32-C69A-4E71-86BA-AF1AB7E44E63}.Debug|Any CPU.ActiveCfg = Debug|Any CPU
		{0EFFDF32-C69A-4E71-86BA-AF1AB7E44E63}.Debug|Any CPU.Build.0 = Debug|Any CPU
		{0EFFDF32-C69A-4E71-86BA-AF1AB7E44E63}.Release|Any CPU.ActiveCfg = Release|Any CPU
		{0EFFDF32-C69A-4E71-86BA-AF1AB7E44E63}.Release|Any CPU.Build.0 = Release|Any CPU
	EndGlobalSection
	GlobalSection(SolutionProperties) = preSolution
		HideSolutionNode = FALSE
	EndGlobalSection
	GlobalSection(ExtensibilityGlobals) = postSolution
		SolutionGuid = {D7846B72-1129-4C92-88CF-66226243C7F4}
	EndGlobalSection
EndGlobal
